// !$*UTF8*$!
{
	archiveVersion = 1;
	classes = {
	};
	objectVersion = 50;
	objects = {

/* Begin PBXBuildFile section */
		9310AB422553836A00A4B694 /* Beer.swift in Sources */ = {isa = PBXBuildFile; fileRef = 9310AB412553836A00A4B694 /* Beer.swift */; };
		932C59E425542FA6000F473D /* BeerItemViewModel.swift in Sources */ = {isa = PBXBuildFile; fileRef = 932C59E325542FA6000F473D /* BeerItemViewModel.swift */; };
		932C59E625542FAE000F473D /* BeerItem.swift in Sources */ = {isa = PBXBuildFile; fileRef = 932C59E525542FAE000F473D /* BeerItem.swift */; };
		935ED99A255335920043B8C4 /* BeersCoordinator.swift in Sources */ = {isa = PBXBuildFile; fileRef = 935ED999255335920043B8C4 /* BeersCoordinator.swift */; };
		935ED99F255335C90043B8C4 /* CategoriesViewModel.swift in Sources */ = {isa = PBXBuildFile; fileRef = 935ED99E255335C90043B8C4 /* CategoriesViewModel.swift */; };
		935ED9A1255335D40043B8C4 /* CategoriesViewController.swift in Sources */ = {isa = PBXBuildFile; fileRef = 935ED9A0255335D40043B8C4 /* CategoriesViewController.swift */; };
		935ED9A3255335E00043B8C4 /* CategoriesDataManager.swift in Sources */ = {isa = PBXBuildFile; fileRef = 935ED9A2255335E00043B8C4 /* CategoriesDataManager.swift */; };
		935ED9A5255335F20043B8C4 /* BeersViewModel.swift in Sources */ = {isa = PBXBuildFile; fileRef = 935ED9A4255335F20043B8C4 /* BeersViewModel.swift */; };
		935ED9A7255336010043B8C4 /* BeersViewController.swift in Sources */ = {isa = PBXBuildFile; fileRef = 935ED9A6255336010043B8C4 /* BeersViewController.swift */; };
		935ED9A92553360C0043B8C4 /* BeersDataManager.swift in Sources */ = {isa = PBXBuildFile; fileRef = 935ED9A82553360C0043B8C4 /* BeersDataManager.swift */; };
		935ED9AB255336280043B8C4 /* BeerDetailViewModel.swift in Sources */ = {isa = PBXBuildFile; fileRef = 935ED9AA255336280043B8C4 /* BeerDetailViewModel.swift */; };
		935ED9AD255336330043B8C4 /* BeerDetailViewController.swift in Sources */ = {isa = PBXBuildFile; fileRef = 935ED9AC255336330043B8C4 /* BeerDetailViewController.swift */; };
		935ED9AF255336410043B8C4 /* BeerDetailDataManager.swift in Sources */ = {isa = PBXBuildFile; fileRef = 935ED9AE255336410043B8C4 /* BeerDetailDataManager.swift */; };
		935ED9B225533BD10043B8C4 /* FavouritesViewModel.swift in Sources */ = {isa = PBXBuildFile; fileRef = 935ED9B125533BD10043B8C4 /* FavouritesViewModel.swift */; };
		935ED9B425533BDF0043B8C4 /* FavouritesViewController.swift in Sources */ = {isa = PBXBuildFile; fileRef = 935ED9B325533BDF0043B8C4 /* FavouritesViewController.swift */; };
		935ED9B625533BEA0043B8C4 /* FavouritesDataManager.swift in Sources */ = {isa = PBXBuildFile; fileRef = 935ED9B525533BEA0043B8C4 /* FavouritesDataManager.swift */; };
		935ED9B825533C040043B8C4 /* FavouritesCoordinator.swift in Sources */ = {isa = PBXBuildFile; fileRef = 935ED9B725533C040043B8C4 /* FavouritesCoordinator.swift */; };
		939AA47D25541D34007D9271 /* CategoryCellViewModel.swift in Sources */ = {isa = PBXBuildFile; fileRef = 939AA47C25541D34007D9271 /* CategoryCellViewModel.swift */; };
		939AA47F25541D40007D9271 /* CategoryCell.swift in Sources */ = {isa = PBXBuildFile; fileRef = 939AA47E25541D40007D9271 /* CategoryCell.swift */; };
		93EE319E2553315800A5B8C5 /* AppDelegate.swift in Sources */ = {isa = PBXBuildFile; fileRef = 93EE319D2553315800A5B8C5 /* AppDelegate.swift */; };
		93EE31A02553315800A5B8C5 /* SceneDelegate.swift in Sources */ = {isa = PBXBuildFile; fileRef = 93EE319F2553315800A5B8C5 /* SceneDelegate.swift */; };
		93EE31A82553315800A5B8C5 /* CervezApp.xcdatamodeld in Sources */ = {isa = PBXBuildFile; fileRef = 93EE31A62553315800A5B8C5 /* CervezApp.xcdatamodeld */; };
		93EE31AA2553315A00A5B8C5 /* Assets.xcassets in Resources */ = {isa = PBXBuildFile; fileRef = 93EE31A92553315A00A5B8C5 /* Assets.xcassets */; };
		93EE31AD2553315A00A5B8C5 /* LaunchScreen.storyboard in Resources */ = {isa = PBXBuildFile; fileRef = 93EE31AB2553315A00A5B8C5 /* LaunchScreen.storyboard */; };
		93EE31B82553315B00A5B8C5 /* CervezAppTests.swift in Sources */ = {isa = PBXBuildFile; fileRef = 93EE31B72553315B00A5B8C5 /* CervezAppTests.swift */; };
		93EE31C42553324000A5B8C5 /* Coordinator.swift in Sources */ = {isa = PBXBuildFile; fileRef = 93EE31C32553324000A5B8C5 /* Coordinator.swift */; };
		93EE31C62553326600A5B8C5 /* AppCoordinator.swift in Sources */ = {isa = PBXBuildFile; fileRef = 93EE31C52553326600A5B8C5 /* AppCoordinator.swift */; };
		93EE31CD255332DF00A5B8C5 /* RemoteDataManager.swift in Sources */ = {isa = PBXBuildFile; fileRef = 93EE31CC255332DF00A5B8C5 /* RemoteDataManager.swift */; };
		93EE31CF255332EA00A5B8C5 /* RemoteDataManagerImpl.swift in Sources */ = {isa = PBXBuildFile; fileRef = 93EE31CE255332EA00A5B8C5 /* RemoteDataManagerImpl.swift */; };
		93EE31D1255332F500A5B8C5 /* LocalDataManager.swift in Sources */ = {isa = PBXBuildFile; fileRef = 93EE31D0255332F500A5B8C5 /* LocalDataManager.swift */; };
		93EE31D3255332FE00A5B8C5 /* LocalDataManagerImpl.swift in Sources */ = {isa = PBXBuildFile; fileRef = 93EE31D2255332FE00A5B8C5 /* LocalDataManagerImpl.swift */; };
		93EE31D52553333E00A5B8C5 /* DataManager.swift in Sources */ = {isa = PBXBuildFile; fileRef = 93EE31D42553333E00A5B8C5 /* DataManager.swift */; };
		93F50AE02553687900D26B2C /* CategoriesResponse.swift in Sources */ = {isa = PBXBuildFile; fileRef = 93F50ADF2553687900D26B2C /* CategoriesResponse.swift */; };
		93F50AE2255369E400D26B2C /* BeersResponse.swift in Sources */ = {isa = PBXBuildFile; fileRef = 93F50AE1255369E400D26B2C /* BeersResponse.swift */; };
		93F50AE525536EAD00D26B2C /* CustomError.swift in Sources */ = {isa = PBXBuildFile; fileRef = 93F50AE425536EAD00D26B2C /* CustomError.swift */; };
/* End PBXBuildFile section */

/* Begin PBXContainerItemProxy section */
		93EE31B42553315B00A5B8C5 /* PBXContainerItemProxy */ = {
			isa = PBXContainerItemProxy;
			containerPortal = 93EE31922553315700A5B8C5 /* Project object */;
			proxyType = 1;
			remoteGlobalIDString = 93EE31992553315800A5B8C5;
			remoteInfo = CervezApp;
		};
/* End PBXContainerItemProxy section */

/* Begin PBXFileReference section */
		9310AB412553836A00A4B694 /* Beer.swift */ = {isa = PBXFileReference; lastKnownFileType = sourcecode.swift; path = Beer.swift; sourceTree = "<group>"; };
		932C59E325542FA6000F473D /* BeerItemViewModel.swift */ = {isa = PBXFileReference; lastKnownFileType = sourcecode.swift; path = BeerItemViewModel.swift; sourceTree = "<group>"; };
		932C59E525542FAE000F473D /* BeerItem.swift */ = {isa = PBXFileReference; lastKnownFileType = sourcecode.swift; path = BeerItem.swift; sourceTree = "<group>"; };
		935ED999255335920043B8C4 /* BeersCoordinator.swift */ = {isa = PBXFileReference; lastKnownFileType = sourcecode.swift; path = BeersCoordinator.swift; sourceTree = "<group>"; };
		935ED99E255335C90043B8C4 /* CategoriesViewModel.swift */ = {isa = PBXFileReference; lastKnownFileType = sourcecode.swift; path = CategoriesViewModel.swift; sourceTree = "<group>"; };
		935ED9A0255335D40043B8C4 /* CategoriesViewController.swift */ = {isa = PBXFileReference; lastKnownFileType = sourcecode.swift; path = CategoriesViewController.swift; sourceTree = "<group>"; };
		935ED9A2255335E00043B8C4 /* CategoriesDataManager.swift */ = {isa = PBXFileReference; lastKnownFileType = sourcecode.swift; path = CategoriesDataManager.swift; sourceTree = "<group>"; };
		935ED9A4255335F20043B8C4 /* BeersViewModel.swift */ = {isa = PBXFileReference; lastKnownFileType = sourcecode.swift; path = BeersViewModel.swift; sourceTree = "<group>"; };
		935ED9A6255336010043B8C4 /* BeersViewController.swift */ = {isa = PBXFileReference; lastKnownFileType = sourcecode.swift; path = BeersViewController.swift; sourceTree = "<group>"; };
		935ED9A82553360C0043B8C4 /* BeersDataManager.swift */ = {isa = PBXFileReference; lastKnownFileType = sourcecode.swift; path = BeersDataManager.swift; sourceTree = "<group>"; };
		935ED9AA255336280043B8C4 /* BeerDetailViewModel.swift */ = {isa = PBXFileReference; lastKnownFileType = sourcecode.swift; path = BeerDetailViewModel.swift; sourceTree = "<group>"; };
		935ED9AC255336330043B8C4 /* BeerDetailViewController.swift */ = {isa = PBXFileReference; lastKnownFileType = sourcecode.swift; path = BeerDetailViewController.swift; sourceTree = "<group>"; };
		935ED9AE255336410043B8C4 /* BeerDetailDataManager.swift */ = {isa = PBXFileReference; lastKnownFileType = sourcecode.swift; path = BeerDetailDataManager.swift; sourceTree = "<group>"; };
		935ED9B125533BD10043B8C4 /* FavouritesViewModel.swift */ = {isa = PBXFileReference; lastKnownFileType = sourcecode.swift; path = FavouritesViewModel.swift; sourceTree = "<group>"; };
		935ED9B325533BDF0043B8C4 /* FavouritesViewController.swift */ = {isa = PBXFileReference; lastKnownFileType = sourcecode.swift; path = FavouritesViewController.swift; sourceTree = "<group>"; };
		935ED9B525533BEA0043B8C4 /* FavouritesDataManager.swift */ = {isa = PBXFileReference; lastKnownFileType = sourcecode.swift; path = FavouritesDataManager.swift; sourceTree = "<group>"; };
		935ED9B725533C040043B8C4 /* FavouritesCoordinator.swift */ = {isa = PBXFileReference; lastKnownFileType = sourcecode.swift; path = FavouritesCoordinator.swift; sourceTree = "<group>"; };
		939AA47C25541D34007D9271 /* CategoryCellViewModel.swift */ = {isa = PBXFileReference; lastKnownFileType = sourcecode.swift; path = CategoryCellViewModel.swift; sourceTree = "<group>"; };
		939AA47E25541D40007D9271 /* CategoryCell.swift */ = {isa = PBXFileReference; lastKnownFileType = sourcecode.swift; path = CategoryCell.swift; sourceTree = "<group>"; };
		93EE319A2553315800A5B8C5 /* CervezApp.app */ = {isa = PBXFileReference; explicitFileType = wrapper.application; includeInIndex = 0; path = CervezApp.app; sourceTree = BUILT_PRODUCTS_DIR; };
		93EE319D2553315800A5B8C5 /* AppDelegate.swift */ = {isa = PBXFileReference; lastKnownFileType = sourcecode.swift; path = AppDelegate.swift; sourceTree = "<group>"; };
		93EE319F2553315800A5B8C5 /* SceneDelegate.swift */ = {isa = PBXFileReference; lastKnownFileType = sourcecode.swift; path = SceneDelegate.swift; sourceTree = "<group>"; };
		93EE31A72553315800A5B8C5 /* CervezApp.xcdatamodel */ = {isa = PBXFileReference; lastKnownFileType = wrapper.xcdatamodel; path = CervezApp.xcdatamodel; sourceTree = "<group>"; };
		93EE31A92553315A00A5B8C5 /* Assets.xcassets */ = {isa = PBXFileReference; lastKnownFileType = folder.assetcatalog; path = Assets.xcassets; sourceTree = "<group>"; };
		93EE31AC2553315A00A5B8C5 /* Base */ = {isa = PBXFileReference; lastKnownFileType = file.storyboard; name = Base; path = Base.lproj/LaunchScreen.storyboard; sourceTree = "<group>"; };
		93EE31AE2553315A00A5B8C5 /* Info.plist */ = {isa = PBXFileReference; lastKnownFileType = text.plist.xml; path = Info.plist; sourceTree = "<group>"; };
		93EE31B32553315B00A5B8C5 /* CervezAppTests.xctest */ = {isa = PBXFileReference; explicitFileType = wrapper.cfbundle; includeInIndex = 0; path = CervezAppTests.xctest; sourceTree = BUILT_PRODUCTS_DIR; };
		93EE31B72553315B00A5B8C5 /* CervezAppTests.swift */ = {isa = PBXFileReference; lastKnownFileType = sourcecode.swift; path = CervezAppTests.swift; sourceTree = "<group>"; };
		93EE31B92553315B00A5B8C5 /* Info.plist */ = {isa = PBXFileReference; lastKnownFileType = text.plist.xml; path = Info.plist; sourceTree = "<group>"; };
		93EE31C32553324000A5B8C5 /* Coordinator.swift */ = {isa = PBXFileReference; fileEncoding = 4; lastKnownFileType = sourcecode.swift; path = Coordinator.swift; sourceTree = "<group>"; };
		93EE31C52553326600A5B8C5 /* AppCoordinator.swift */ = {isa = PBXFileReference; lastKnownFileType = sourcecode.swift; path = AppCoordinator.swift; sourceTree = "<group>"; };
		93EE31CC255332DF00A5B8C5 /* RemoteDataManager.swift */ = {isa = PBXFileReference; lastKnownFileType = sourcecode.swift; path = RemoteDataManager.swift; sourceTree = "<group>"; };
		93EE31CE255332EA00A5B8C5 /* RemoteDataManagerImpl.swift */ = {isa = PBXFileReference; lastKnownFileType = sourcecode.swift; path = RemoteDataManagerImpl.swift; sourceTree = "<group>"; };
		93EE31D0255332F500A5B8C5 /* LocalDataManager.swift */ = {isa = PBXFileReference; lastKnownFileType = sourcecode.swift; path = LocalDataManager.swift; sourceTree = "<group>"; };
		93EE31D2255332FE00A5B8C5 /* LocalDataManagerImpl.swift */ = {isa = PBXFileReference; lastKnownFileType = sourcecode.swift; path = LocalDataManagerImpl.swift; sourceTree = "<group>"; };
		93EE31D42553333E00A5B8C5 /* DataManager.swift */ = {isa = PBXFileReference; lastKnownFileType = sourcecode.swift; path = DataManager.swift; sourceTree = "<group>"; };
		93F50ADF2553687900D26B2C /* CategoriesResponse.swift */ = {isa = PBXFileReference; lastKnownFileType = sourcecode.swift; path = CategoriesResponse.swift; sourceTree = "<group>"; };
		93F50AE1255369E400D26B2C /* BeersResponse.swift */ = {isa = PBXFileReference; lastKnownFileType = sourcecode.swift; path = BeersResponse.swift; sourceTree = "<group>"; };
		93F50AE425536EAD00D26B2C /* CustomError.swift */ = {isa = PBXFileReference; lastKnownFileType = sourcecode.swift; path = CustomError.swift; sourceTree = "<group>"; };
/* End PBXFileReference section */

/* Begin PBXFrameworksBuildPhase section */
		93EE31972553315800A5B8C5 /* Frameworks */ = {
			isa = PBXFrameworksBuildPhase;
			buildActionMask = 2147483647;
			files = (
			);
			runOnlyForDeploymentPostprocessing = 0;
		};
		93EE31B02553315B00A5B8C5 /* Frameworks */ = {
			isa = PBXFrameworksBuildPhase;
			buildActionMask = 2147483647;
			files = (
			);
			runOnlyForDeploymentPostprocessing = 0;
		};
/* End PBXFrameworksBuildPhase section */

/* Begin PBXGroup section */
		935ED99B2553359A0043B8C4 /* Categories */ = {
			isa = PBXGroup;
			children = (
				935ED9A2255335E00043B8C4 /* CategoriesDataManager.swift */,
				935ED99E255335C90043B8C4 /* CategoriesViewModel.swift */,
				935ED9A0255335D40043B8C4 /* CategoriesViewController.swift */,
				939AA47C25541D34007D9271 /* CategoryCellViewModel.swift */,
				939AA47E25541D40007D9271 /* CategoryCell.swift */,
			);
			path = Categories;
			sourceTree = "<group>";
		};
		935ED99C255335A90043B8C4 /* Beers */ = {
			isa = PBXGroup;
			children = (
				935ED9A82553360C0043B8C4 /* BeersDataManager.swift */,
				935ED9A4255335F20043B8C4 /* BeersViewModel.swift */,
				935ED9A6255336010043B8C4 /* BeersViewController.swift */,
				932C59E325542FA6000F473D /* BeerItemViewModel.swift */,
				932C59E525542FAE000F473D /* BeerItem.swift */,
			);
			path = Beers;
			sourceTree = "<group>";
		};
		935ED99D255335AE0043B8C4 /* BeerDetail */ = {
			isa = PBXGroup;
			children = (
				935ED9AE255336410043B8C4 /* BeerDetailDataManager.swift */,
				935ED9AA255336280043B8C4 /* BeerDetailViewModel.swift */,
				935ED9AC255336330043B8C4 /* BeerDetailViewController.swift */,
			);
			path = BeerDetail;
			sourceTree = "<group>";
		};
		935ED9B025533BC00043B8C4 /* Favourites */ = {
			isa = PBXGroup;
			children = (
				935ED9B525533BEA0043B8C4 /* FavouritesDataManager.swift */,
				935ED9B125533BD10043B8C4 /* FavouritesViewModel.swift */,
				935ED9B325533BDF0043B8C4 /* FavouritesViewController.swift */,
			);
			path = Favourites;
			sourceTree = "<group>";
		};
		93EE31912553315700A5B8C5 = {
			isa = PBXGroup;
			children = (
				93EE319C2553315800A5B8C5 /* CervezApp */,
				93EE31B62553315B00A5B8C5 /* CervezAppTests */,
				93EE319B2553315800A5B8C5 /* Products */,
			);
			sourceTree = "<group>";
		};
		93EE319B2553315800A5B8C5 /* Products */ = {
			isa = PBXGroup;
			children = (
				93EE319A2553315800A5B8C5 /* CervezApp.app */,
				93EE31B32553315B00A5B8C5 /* CervezAppTests.xctest */,
			);
			name = Products;
			sourceTree = "<group>";
		};
		93EE319C2553315800A5B8C5 /* CervezApp */ = {
			isa = PBXGroup;
			children = (
				93EE31C2255331B900A5B8C5 /* AppSupport */,
				93EE31D62553334F00A5B8C5 /* Model */,
				93EE31C92553328F00A5B8C5 /* DataManager */,
				93EE31C82553328500A5B8C5 /* Modules */,
				93EE31C72553327B00A5B8C5 /* Coordinators */,
			);
			path = CervezApp;
			sourceTree = "<group>";
		};
		93EE31B62553315B00A5B8C5 /* CervezAppTests */ = {
			isa = PBXGroup;
			children = (
				93EE31B72553315B00A5B8C5 /* CervezAppTests.swift */,
				93EE31B92553315B00A5B8C5 /* Info.plist */,
			);
			path = CervezAppTests;
			sourceTree = "<group>";
		};
		93EE31C2255331B900A5B8C5 /* AppSupport */ = {
			isa = PBXGroup;
			children = (
				93EE319D2553315800A5B8C5 /* AppDelegate.swift */,
				93EE319F2553315800A5B8C5 /* SceneDelegate.swift */,
				93EE31A92553315A00A5B8C5 /* Assets.xcassets */,
				93EE31AB2553315A00A5B8C5 /* LaunchScreen.storyboard */,
				93EE31AE2553315A00A5B8C5 /* Info.plist */,
			);
			path = AppSupport;
			sourceTree = "<group>";
		};
		93EE31C72553327B00A5B8C5 /* Coordinators */ = {
			isa = PBXGroup;
			children = (
				93EE31C32553324000A5B8C5 /* Coordinator.swift */,
				93EE31C52553326600A5B8C5 /* AppCoordinator.swift */,
				935ED999255335920043B8C4 /* BeersCoordinator.swift */,
				935ED9B725533C040043B8C4 /* FavouritesCoordinator.swift */,
			);
			path = Coordinators;
			sourceTree = "<group>";
		};
		93EE31C82553328500A5B8C5 /* Modules */ = {
			isa = PBXGroup;
			children = (
				935ED99B2553359A0043B8C4 /* Categories */,
				935ED99C255335A90043B8C4 /* Beers */,
				935ED99D255335AE0043B8C4 /* BeerDetail */,
				935ED9B025533BC00043B8C4 /* Favourites */,
			);
			path = Modules;
			sourceTree = "<group>";
		};
		93EE31C92553328F00A5B8C5 /* DataManager */ = {
			isa = PBXGroup;
			children = (
				93EE31D42553333E00A5B8C5 /* DataManager.swift */,
				93EE31CA255332AA00A5B8C5 /* RemoteDataManager */,
				93EE31CB255332B300A5B8C5 /* LocalDataManager */,
			);
			path = DataManager;
			sourceTree = "<group>";
		};
		93EE31CA255332AA00A5B8C5 /* RemoteDataManager */ = {
			isa = PBXGroup;
			children = (
				93EE31CC255332DF00A5B8C5 /* RemoteDataManager.swift */,
				93EE31CE255332EA00A5B8C5 /* RemoteDataManagerImpl.swift */,
			);
			path = RemoteDataManager;
			sourceTree = "<group>";
		};
		93EE31CB255332B300A5B8C5 /* LocalDataManager */ = {
			isa = PBXGroup;
			children = (
				93EE31D0255332F500A5B8C5 /* LocalDataManager.swift */,
				93EE31D2255332FE00A5B8C5 /* LocalDataManagerImpl.swift */,
				93EE31A62553315800A5B8C5 /* CervezApp.xcdatamodeld */,
			);
			path = LocalDataManager;
			sourceTree = "<group>";
		};
		93EE31D62553334F00A5B8C5 /* Model */ = {
			isa = PBXGroup;
			children = (
				9310AB412553836A00A4B694 /* Beer.swift */,
				93F50AE325536E9500D26B2C /* ErrorManagement */,
				93F50ADE2553685700D26B2C /* ApiResponses */,
			);
			path = Model;
			sourceTree = "<group>";
		};
		93F50ADE2553685700D26B2C /* ApiResponses */ = {
			isa = PBXGroup;
			children = (
				93F50ADF2553687900D26B2C /* CategoriesResponse.swift */,
				93F50AE1255369E400D26B2C /* BeersResponse.swift */,
			);
			path = ApiResponses;
			sourceTree = "<group>";
		};
		93F50AE325536E9500D26B2C /* ErrorManagement */ = {
			isa = PBXGroup;
			children = (
				93F50AE425536EAD00D26B2C /* CustomError.swift */,
			);
			path = ErrorManagement;
			sourceTree = "<group>";
		};
/* End PBXGroup section */

/* Begin PBXNativeTarget section */
		93EE31992553315800A5B8C5 /* CervezApp */ = {
			isa = PBXNativeTarget;
			buildConfigurationList = 93EE31BC2553315B00A5B8C5 /* Build configuration list for PBXNativeTarget "CervezApp" */;
			buildPhases = (
				93EE31962553315800A5B8C5 /* Sources */,
				93EE31972553315800A5B8C5 /* Frameworks */,
				93EE31982553315800A5B8C5 /* Resources */,
			);
			buildRules = (
			);
			dependencies = (
			);
			name = CervezApp;
			productName = CervezApp;
			productReference = 93EE319A2553315800A5B8C5 /* CervezApp.app */;
			productType = "com.apple.product-type.application";
		};
		93EE31B22553315B00A5B8C5 /* CervezAppTests */ = {
			isa = PBXNativeTarget;
			buildConfigurationList = 93EE31BF2553315B00A5B8C5 /* Build configuration list for PBXNativeTarget "CervezAppTests" */;
			buildPhases = (
				93EE31AF2553315B00A5B8C5 /* Sources */,
				93EE31B02553315B00A5B8C5 /* Frameworks */,
				93EE31B12553315B00A5B8C5 /* Resources */,
			);
			buildRules = (
			);
			dependencies = (
				93EE31B52553315B00A5B8C5 /* PBXTargetDependency */,
			);
			name = CervezAppTests;
			productName = CervezAppTests;
			productReference = 93EE31B32553315B00A5B8C5 /* CervezAppTests.xctest */;
			productType = "com.apple.product-type.bundle.unit-test";
		};
/* End PBXNativeTarget section */

/* Begin PBXProject section */
		93EE31922553315700A5B8C5 /* Project object */ = {
			isa = PBXProject;
			attributes = {
				LastSwiftUpdateCheck = 1150;
				LastUpgradeCheck = 1150;
				ORGANIZATIONNAME = "Ricardo González Pacheco";
				TargetAttributes = {
					93EE31992553315800A5B8C5 = {
						CreatedOnToolsVersion = 11.5;
					};
					93EE31B22553315B00A5B8C5 = {
						CreatedOnToolsVersion = 11.5;
						TestTargetID = 93EE31992553315800A5B8C5;
					};
				};
			};
			buildConfigurationList = 93EE31952553315700A5B8C5 /* Build configuration list for PBXProject "CervezApp" */;
			compatibilityVersion = "Xcode 9.3";
			developmentRegion = en;
			hasScannedForEncodings = 0;
			knownRegions = (
				en,
				Base,
			);
			mainGroup = 93EE31912553315700A5B8C5;
			productRefGroup = 93EE319B2553315800A5B8C5 /* Products */;
			projectDirPath = "";
			projectRoot = "";
			targets = (
				93EE31992553315800A5B8C5 /* CervezApp */,
				93EE31B22553315B00A5B8C5 /* CervezAppTests */,
			);
		};
/* End PBXProject section */

/* Begin PBXResourcesBuildPhase section */
		93EE31982553315800A5B8C5 /* Resources */ = {
			isa = PBXResourcesBuildPhase;
			buildActionMask = 2147483647;
			files = (
				93EE31AD2553315A00A5B8C5 /* LaunchScreen.storyboard in Resources */,
				93EE31AA2553315A00A5B8C5 /* Assets.xcassets in Resources */,
			);
			runOnlyForDeploymentPostprocessing = 0;
		};
		93EE31B12553315B00A5B8C5 /* Resources */ = {
			isa = PBXResourcesBuildPhase;
			buildActionMask = 2147483647;
			files = (
			);
			runOnlyForDeploymentPostprocessing = 0;
		};
/* End PBXResourcesBuildPhase section */

/* Begin PBXSourcesBuildPhase section */
		93EE31962553315800A5B8C5 /* Sources */ = {
			isa = PBXSourcesBuildPhase;
			buildActionMask = 2147483647;
			files = (
				93EE31C42553324000A5B8C5 /* Coordinator.swift in Sources */,
				935ED9AB255336280043B8C4 /* BeerDetailViewModel.swift in Sources */,
				935ED9B825533C040043B8C4 /* FavouritesCoordinator.swift in Sources */,
				93EE31D52553333E00A5B8C5 /* DataManager.swift in Sources */,
				93EE31D1255332F500A5B8C5 /* LocalDataManager.swift in Sources */,
				935ED9A3255335E00043B8C4 /* CategoriesDataManager.swift in Sources */,
				935ED9A7255336010043B8C4 /* BeersViewController.swift in Sources */,
				93F50AE02553687900D26B2C /* CategoriesResponse.swift in Sources */,
				935ED9A5255335F20043B8C4 /* BeersViewModel.swift in Sources */,
				935ED99A255335920043B8C4 /* BeersCoordinator.swift in Sources */,
				93EE31CF255332EA00A5B8C5 /* RemoteDataManagerImpl.swift in Sources */,
				93EE31D3255332FE00A5B8C5 /* LocalDataManagerImpl.swift in Sources */,
				93EE319E2553315800A5B8C5 /* AppDelegate.swift in Sources */,
				935ED9B225533BD10043B8C4 /* FavouritesViewModel.swift in Sources */,
				93F50AE525536EAD00D26B2C /* CustomError.swift in Sources */,
				93F50AE2255369E400D26B2C /* BeersResponse.swift in Sources */,
				93EE31C62553326600A5B8C5 /* AppCoordinator.swift in Sources */,
				93EE31CD255332DF00A5B8C5 /* RemoteDataManager.swift in Sources */,
				935ED9B425533BDF0043B8C4 /* FavouritesViewController.swift in Sources */,
				9310AB422553836A00A4B694 /* Beer.swift in Sources */,
				935ED9B625533BEA0043B8C4 /* FavouritesDataManager.swift in Sources */,
				93EE31A82553315800A5B8C5 /* CervezApp.xcdatamodeld in Sources */,
				932C59E625542FAE000F473D /* BeerItem.swift in Sources */,
				935ED99F255335C90043B8C4 /* CategoriesViewModel.swift in Sources */,
				93EE31A02553315800A5B8C5 /* SceneDelegate.swift in Sources */,
				935ED9AF255336410043B8C4 /* BeerDetailDataManager.swift in Sources */,
				939AA47D25541D34007D9271 /* CategoryCellViewModel.swift in Sources */,
				935ED9AD255336330043B8C4 /* BeerDetailViewController.swift in Sources */,
				932C59E425542FA6000F473D /* BeerItemViewModel.swift in Sources */,
				935ED9A92553360C0043B8C4 /* BeersDataManager.swift in Sources */,
				935ED9A1255335D40043B8C4 /* CategoriesViewController.swift in Sources */,
				939AA47F25541D40007D9271 /* CategoryCell.swift in Sources */,
			);
			runOnlyForDeploymentPostprocessing = 0;
		};
		93EE31AF2553315B00A5B8C5 /* Sources */ = {
			isa = PBXSourcesBuildPhase;
			buildActionMask = 2147483647;
			files = (
				93EE31B82553315B00A5B8C5 /* CervezAppTests.swift in Sources */,
			);
			runOnlyForDeploymentPostprocessing = 0;
		};
/* End PBXSourcesBuildPhase section */

/* Begin PBXTargetDependency section */
		93EE31B52553315B00A5B8C5 /* PBXTargetDependency */ = {
			isa = PBXTargetDependency;
			target = 93EE31992553315800A5B8C5 /* CervezApp */;
			targetProxy = 93EE31B42553315B00A5B8C5 /* PBXContainerItemProxy */;
		};
/* End PBXTargetDependency section */

/* Begin PBXVariantGroup section */
		93EE31AB2553315A00A5B8C5 /* LaunchScreen.storyboard */ = {
			isa = PBXVariantGroup;
			children = (
				93EE31AC2553315A00A5B8C5 /* Base */,
			);
			name = LaunchScreen.storyboard;
			sourceTree = "<group>";
		};
/* End PBXVariantGroup section */

/* Begin XCBuildConfiguration section */
		93EE31BA2553315B00A5B8C5 /* Debug */ = {
			isa = XCBuildConfiguration;
			buildSettings = {
				ALWAYS_SEARCH_USER_PATHS = NO;
				CLANG_ANALYZER_NONNULL = YES;
				CLANG_ANALYZER_NUMBER_OBJECT_CONVERSION = YES_AGGRESSIVE;
				CLANG_CXX_LANGUAGE_STANDARD = "gnu++14";
				CLANG_CXX_LIBRARY = "libc++";
				CLANG_ENABLE_MODULES = YES;
				CLANG_ENABLE_OBJC_ARC = YES;
				CLANG_ENABLE_OBJC_WEAK = YES;
				CLANG_WARN_BLOCK_CAPTURE_AUTORELEASING = YES;
				CLANG_WARN_BOOL_CONVERSION = YES;
				CLANG_WARN_COMMA = YES;
				CLANG_WARN_CONSTANT_CONVERSION = YES;
				CLANG_WARN_DEPRECATED_OBJC_IMPLEMENTATIONS = YES;
				CLANG_WARN_DIRECT_OBJC_ISA_USAGE = YES_ERROR;
				CLANG_WARN_DOCUMENTATION_COMMENTS = YES;
				CLANG_WARN_EMPTY_BODY = YES;
				CLANG_WARN_ENUM_CONVERSION = YES;
				CLANG_WARN_INFINITE_RECURSION = YES;
				CLANG_WARN_INT_CONVERSION = YES;
				CLANG_WARN_NON_LITERAL_NULL_CONVERSION = YES;
				CLANG_WARN_OBJC_IMPLICIT_RETAIN_SELF = YES;
				CLANG_WARN_OBJC_LITERAL_CONVERSION = YES;
				CLANG_WARN_OBJC_ROOT_CLASS = YES_ERROR;
				CLANG_WARN_RANGE_LOOP_ANALYSIS = YES;
				CLANG_WARN_STRICT_PROTOTYPES = YES;
				CLANG_WARN_SUSPICIOUS_MOVE = YES;
				CLANG_WARN_UNGUARDED_AVAILABILITY = YES_AGGRESSIVE;
				CLANG_WARN_UNREACHABLE_CODE = YES;
				CLANG_WARN__DUPLICATE_METHOD_MATCH = YES;
				COPY_PHASE_STRIP = NO;
				DEBUG_INFORMATION_FORMAT = dwarf;
				ENABLE_STRICT_OBJC_MSGSEND = YES;
				ENABLE_TESTABILITY = YES;
				GCC_C_LANGUAGE_STANDARD = gnu11;
				GCC_DYNAMIC_NO_PIC = NO;
				GCC_NO_COMMON_BLOCKS = YES;
				GCC_OPTIMIZATION_LEVEL = 0;
				GCC_PREPROCESSOR_DEFINITIONS = (
					"DEBUG=1",
					"$(inherited)",
				);
				GCC_WARN_64_TO_32_BIT_CONVERSION = YES;
				GCC_WARN_ABOUT_RETURN_TYPE = YES_ERROR;
				GCC_WARN_UNDECLARED_SELECTOR = YES;
				GCC_WARN_UNINITIALIZED_AUTOS = YES_AGGRESSIVE;
				GCC_WARN_UNUSED_FUNCTION = YES;
				GCC_WARN_UNUSED_VARIABLE = YES;
				IPHONEOS_DEPLOYMENT_TARGET = 13.5;
				MTL_ENABLE_DEBUG_INFO = INCLUDE_SOURCE;
				MTL_FAST_MATH = YES;
				ONLY_ACTIVE_ARCH = YES;
				SDKROOT = iphoneos;
				SWIFT_ACTIVE_COMPILATION_CONDITIONS = DEBUG;
				SWIFT_OPTIMIZATION_LEVEL = "-Onone";
			};
			name = Debug;
		};
		93EE31BB2553315B00A5B8C5 /* Release */ = {
			isa = XCBuildConfiguration;
			buildSettings = {
				ALWAYS_SEARCH_USER_PATHS = NO;
				CLANG_ANALYZER_NONNULL = YES;
				CLANG_ANALYZER_NUMBER_OBJECT_CONVERSION = YES_AGGRESSIVE;
				CLANG_CXX_LANGUAGE_STANDARD = "gnu++14";
				CLANG_CXX_LIBRARY = "libc++";
				CLANG_ENABLE_MODULES = YES;
				CLANG_ENABLE_OBJC_ARC = YES;
				CLANG_ENABLE_OBJC_WEAK = YES;
				CLANG_WARN_BLOCK_CAPTURE_AUTORELEASING = YES;
				CLANG_WARN_BOOL_CONVERSION = YES;
				CLANG_WARN_COMMA = YES;
				CLANG_WARN_CONSTANT_CONVERSION = YES;
				CLANG_WARN_DEPRECATED_OBJC_IMPLEMENTATIONS = YES;
				CLANG_WARN_DIRECT_OBJC_ISA_USAGE = YES_ERROR;
				CLANG_WARN_DOCUMENTATION_COMMENTS = YES;
				CLANG_WARN_EMPTY_BODY = YES;
				CLANG_WARN_ENUM_CONVERSION = YES;
				CLANG_WARN_INFINITE_RECURSION = YES;
				CLANG_WARN_INT_CONVERSION = YES;
				CLANG_WARN_NON_LITERAL_NULL_CONVERSION = YES;
				CLANG_WARN_OBJC_IMPLICIT_RETAIN_SELF = YES;
				CLANG_WARN_OBJC_LITERAL_CONVERSION = YES;
				CLANG_WARN_OBJC_ROOT_CLASS = YES_ERROR;
				CLANG_WARN_RANGE_LOOP_ANALYSIS = YES;
				CLANG_WARN_STRICT_PROTOTYPES = YES;
				CLANG_WARN_SUSPICIOUS_MOVE = YES;
				CLANG_WARN_UNGUARDED_AVAILABILITY = YES_AGGRESSIVE;
				CLANG_WARN_UNREACHABLE_CODE = YES;
				CLANG_WARN__DUPLICATE_METHOD_MATCH = YES;
				COPY_PHASE_STRIP = NO;
				DEBUG_INFORMATION_FORMAT = "dwarf-with-dsym";
				ENABLE_NS_ASSERTIONS = NO;
				ENABLE_STRICT_OBJC_MSGSEND = YES;
				GCC_C_LANGUAGE_STANDARD = gnu11;
				GCC_NO_COMMON_BLOCKS = YES;
				GCC_WARN_64_TO_32_BIT_CONVERSION = YES;
				GCC_WARN_ABOUT_RETURN_TYPE = YES_ERROR;
				GCC_WARN_UNDECLARED_SELECTOR = YES;
				GCC_WARN_UNINITIALIZED_AUTOS = YES_AGGRESSIVE;
				GCC_WARN_UNUSED_FUNCTION = YES;
				GCC_WARN_UNUSED_VARIABLE = YES;
				IPHONEOS_DEPLOYMENT_TARGET = 13.5;
				MTL_ENABLE_DEBUG_INFO = NO;
				MTL_FAST_MATH = YES;
				SDKROOT = iphoneos;
				SWIFT_COMPILATION_MODE = wholemodule;
				SWIFT_OPTIMIZATION_LEVEL = "-O";
				VALIDATE_PRODUCT = YES;
			};
			name = Release;
		};
		93EE31BD2553315B00A5B8C5 /* Debug */ = {
			isa = XCBuildConfiguration;
			buildSettings = {
				ASSETCATALOG_COMPILER_APPICON_NAME = AppIcon;
				CODE_SIGN_STYLE = Automatic;
				INFOPLIST_FILE = CervezApp/AppSupport/Info.plist;
				LD_RUNPATH_SEARCH_PATHS = (
					"$(inherited)",
					"@executable_path/Frameworks",
				);
				PRODUCT_BUNDLE_IDENTIFIER = com.rigonpa.CervezApp;
				PRODUCT_NAME = "$(TARGET_NAME)";
				SWIFT_VERSION = 5.0;
				TARGETED_DEVICE_FAMILY = "1,2";
			};
			name = Debug;
		};
		93EE31BE2553315B00A5B8C5 /* Release */ = {
			isa = XCBuildConfiguration;
			buildSettings = {
				ASSETCATALOG_COMPILER_APPICON_NAME = AppIcon;
				CODE_SIGN_STYLE = Automatic;
				INFOPLIST_FILE = CervezApp/AppSupport/Info.plist;
				LD_RUNPATH_SEARCH_PATHS = (
					"$(inherited)",
					"@executable_path/Frameworks",
				);
				PRODUCT_BUNDLE_IDENTIFIER = com.rigonpa.CervezApp;
				PRODUCT_NAME = "$(TARGET_NAME)";
				SWIFT_VERSION = 5.0;
				TARGETED_DEVICE_FAMILY = "1,2";
			};
			name = Release;
		};
		93EE31C02553315B00A5B8C5 /* Debug */ = {
			isa = XCBuildConfiguration;
			buildSettings = {
				ALWAYS_EMBED_SWIFT_STANDARD_LIBRARIES = YES;
				BUNDLE_LOADER = "$(TEST_HOST)";
				CODE_SIGN_STYLE = Automatic;
				INFOPLIST_FILE = CervezAppTests/Info.plist;
				IPHONEOS_DEPLOYMENT_TARGET = 13.5;
				LD_RUNPATH_SEARCH_PATHS = (
					"$(inherited)",
					"@executable_path/Frameworks",
					"@loader_path/Frameworks",
				);
				PRODUCT_BUNDLE_IDENTIFIER = com.rigonpa.CervezAppTests;
				PRODUCT_NAME = "$(TARGET_NAME)";
				SWIFT_VERSION = 5.0;
				TARGETED_DEVICE_FAMILY = "1,2";
				TEST_HOST = "$(BUILT_PRODUCTS_DIR)/CervezApp.app/CervezApp";
			};
			name = Debug;
		};
		93EE31C12553315B00A5B8C5 /* Release */ = {
			isa = XCBuildConfiguration;
			buildSettings = {
				ALWAYS_EMBED_SWIFT_STANDARD_LIBRARIES = YES;
				BUNDLE_LOADER = "$(TEST_HOST)";
				CODE_SIGN_STYLE = Automatic;
				INFOPLIST_FILE = CervezAppTests/Info.plist;
				IPHONEOS_DEPLOYMENT_TARGET = 13.5;
				LD_RUNPATH_SEARCH_PATHS = (
					"$(inherited)",
					"@executable_path/Frameworks",
					"@loader_path/Frameworks",
				);
				PRODUCT_BUNDLE_IDENTIFIER = com.rigonpa.CervezAppTests;
				PRODUCT_NAME = "$(TARGET_NAME)";
				SWIFT_VERSION = 5.0;
				TARGETED_DEVICE_FAMILY = "1,2";
				TEST_HOST = "$(BUILT_PRODUCTS_DIR)/CervezApp.app/CervezApp";
			};
			name = Release;
		};
/* End XCBuildConfiguration section */

/* Begin XCConfigurationList section */
		93EE31952553315700A5B8C5 /* Build configuration list for PBXProject "CervezApp" */ = {
			isa = XCConfigurationList;
			buildConfigurations = (
				93EE31BA2553315B00A5B8C5 /* Debug */,
				93EE31BB2553315B00A5B8C5 /* Release */,
			);
			defaultConfigurationIsVisible = 0;
			defaultConfigurationName = Release;
		};
		93EE31BC2553315B00A5B8C5 /* Build configuration list for PBXNativeTarget "CervezApp" */ = {
			isa = XCConfigurationList;
			buildConfigurations = (
				93EE31BD2553315B00A5B8C5 /* Debug */,
				93EE31BE2553315B00A5B8C5 /* Release */,
			);
			defaultConfigurationIsVisible = 0;
			defaultConfigurationName = Release;
		};
		93EE31BF2553315B00A5B8C5 /* Build configuration list for PBXNativeTarget "CervezAppTests" */ = {
			isa = XCConfigurationList;
			buildConfigurations = (
				93EE31C02553315B00A5B8C5 /* Debug */,
				93EE31C12553315B00A5B8C5 /* Release */,
			);
			defaultConfigurationIsVisible = 0;
			defaultConfigurationName = Release;
		};
/* End XCConfigurationList section */

/* Begin XCVersionGroup section */
		93EE31A62553315800A5B8C5 /* CervezApp.xcdatamodeld */ = {
			isa = XCVersionGroup;
			children = (
				93EE31A72553315800A5B8C5 /* CervezApp.xcdatamodel */,
			);
			currentVersion = 93EE31A72553315800A5B8C5 /* CervezApp.xcdatamodel */;
			path = CervezApp.xcdatamodeld;
			sourceTree = "<group>";
			versionGroupType = wrapper.xcdatamodel;
		};
/* End XCVersionGroup section */
	};
	rootObject = 93EE31922553315700A5B8C5 /* Project object */;
}
